
Microsoft Visual Studio Solution File, Format Version 12.00
# Visual Studio Version 17
VisualStudioVersion = 17.5.33414.496
MinimumVisualStudioVersion = 10.0.40219.1
Project("{FAE04EC0-301F-11D3-BF4B-00C04F79EFBC}") = "ContaCorrente", "ContaCorrente\ContaCorrente.csproj", "{887AA1D8-3F53-4E73-AC9F-45F271819FE0}"
EndProject
Global
	GlobalSection(SolutionConfigurationPlatforms) = preSolution
		Debug|Any CPU = Debug|Any CPU
		Release|Any CPU = Release|Any CPU
	EndGlobalSection
	GlobalSection(ProjectConfigurationPlatforms) = postSolution
		{887AA1D8-3F53-4E73-AC9F-45F271819FE0}.Debug|Any CPU.ActiveCfg = Debug|Any CPU
		{887AA1D8-3F53-4E73-AC9F-45F271819FE0}.Debug|Any CPU.Build.0 = Debug|Any CPU
		{887AA1D8-3F53-4E73-AC9F-45F271819FE0}.Release|Any CPU.ActiveCfg = Release|Any CPU
		{887AA1D8-3F53-4E73-AC9F-45F271819FE0}.Release|Any CPU.Build.0 = Release|Any CPU
	EndGlobalSection
	GlobalSection(SolutionProperties) = preSolution
		HideSolutionNode = FALSE
	EndGlobalSection
	GlobalSection(ExtensibilityGlobals) = postSolution
		SolutionGuid = {0AA91F10-CC6F-4F21-9C0D-ED947282ED8F}
	EndGlobalSection
EndGlobal
